github.com/mrissarissa/go-say-hello v1.0.0 h1:StIxuo3Xz90Mo8wtNLNcmbD2hRKd3zMdYVwdvzi5o6o=
github.com/mrissarissa/go-say-hello v1.0.0/go.mod h1:j9WRP+88LNPqtysNdGlulGlO8FoopZL5MZaZ8xXMq7Y=
github.com/mrissarissa/go-say-hello v1.0.1 h1:dtesxNoD12k2+4qDlYfiZSBul+iyCC+OIvKvGnX/fWY=
github.com/mrissarissa/go-say-hello v1.0.1/go.mod h1:j9WRP+88LNPqtysNdGlulGlO8FoopZL5MZaZ8xXMq7Y=
github.com/mrissarissa/go-say-hello/v2 v2.0.0 h1:Z1ILGTmCVcaHr9hAIaDJXiDon+o9CFyg0zPErDUTwN8=
github.com/mrissarissa/go-say-hello/v2 v2.0.0/go.mod h1:h7gV3tbLz2IkRMCk5JWV0o4r8ZhxgwqhqxFhQjbG4SI=
